
Microsoft Visual Studio Solution File, Format Version 12.00
# Visual Studio Version 17
VisualStudioVersion = 17.7.34009.444
MinimumVisualStudioVersion = 10.0.40219.1
Project("{FAE04EC0-301F-11D3-BF4B-00C04F79EFBC}") = "etickets1", "etickets1\etickets1.csproj", "{FFD809D1-C305-4AC3-A0A2-8C21B78277E1}"
EndProject
Global
	GlobalSection(SolutionConfigurationPlatforms) = preSolution
		Debug|Any CPU = Debug|Any CPU
		Release|Any CPU = Release|Any CPU
	EndGlobalSection
	GlobalSection(ProjectConfigurationPlatforms) = postSolution
		{FFD809D1-C305-4AC3-A0A2-8C21B78277E1}.Debug|Any CPU.ActiveCfg = Debug|Any CPU
		{FFD809D1-C305-4AC3-A0A2-8C21B78277E1}.Debug|Any CPU.Build.0 = Debug|Any CPU
		{FFD809D1-C305-4AC3-A0A2-8C21B78277E1}.Release|Any CPU.ActiveCfg = Release|Any CPU
		{FFD809D1-C305-4AC3-A0A2-8C21B78277E1}.Release|Any CPU.Build.0 = Release|Any CPU
	EndGlobalSection
	GlobalSection(SolutionProperties) = preSolution
		HideSolutionNode = FALSE
	EndGlobalSection
	GlobalSection(ExtensibilityGlobals) = postSolution
		SolutionGuid = {18F4BFF3-81D6-45DD-8A25-2B6CE07DF96C}
	EndGlobalSection
EndGlobal
